
Microsoft Visual Studio Solution File, Format Version 12.00
# Visual Studio Version 17
VisualStudioVersion = 17.3.32825.248
MinimumVisualStudioVersion = 10.0.40219.1
Project("{8BC9CEB8-8B4A-11D0-8D11-00A0C91BC942}") = "uint2022_t", "uint2022_t\uint2022_t.vcxproj", "{300D9269-8D6B-4C02-A943-14D04B8FE6F3}"
EndProject
Project("{8BC9CEB8-8B4A-11D0-8D11-00A0C91BC942}") = "Lab2_tests", "Lab2_tests\Lab2_tests.vcxproj", "{DD5A537A-155B-4970-935C-B1A72CFD47EE}"
EndProject
Global
	GlobalSection(SolutionConfigurationPlatforms) = preSolution
		Debug|x64 = Debug|x64
		Debug|x86 = Debug|x86
		Release|x64 = Release|x64
		Release|x86 = Release|x86
	EndGlobalSection
	GlobalSection(ProjectConfigurationPlatforms) = postSolution
		{300D9269-8D6B-4C02-A943-14D04B8FE6F3}.Debug|x64.ActiveCfg = Debug|x64
		{300D9269-8D6B-4C02-A943-14D04B8FE6F3}.Debug|x64.Build.0 = Debug|x64
		{300D9269-8D6B-4C02-A943-14D04B8FE6F3}.Debug|x86.ActiveCfg = Debug|Win32
		{300D9269-8D6B-4C02-A943-14D04B8FE6F3}.Debug|x86.Build.0 = Debug|Win32
		{300D9269-8D6B-4C02-A943-14D04B8FE6F3}.Release|x64.ActiveCfg = Release|x64
		{300D9269-8D6B-4C02-A943-14D04B8FE6F3}.Release|x64.Build.0 = Release|x64
		{300D9269-8D6B-4C02-A943-14D04B8FE6F3}.Release|x86.ActiveCfg = Release|Win32
		{300D9269-8D6B-4C02-A943-14D04B8FE6F3}.Release|x86.Build.0 = Release|Win32
		{DD5A537A-155B-4970-935C-B1A72CFD47EE}.Debug|x64.ActiveCfg = Debug|x64
		{DD5A537A-155B-4970-935C-B1A72CFD47EE}.Debug|x64.Build.0 = Debug|x64
		{DD5A537A-155B-4970-935C-B1A72CFD47EE}.Debug|x86.ActiveCfg = Debug|Win32
		{DD5A537A-155B-4970-935C-B1A72CFD47EE}.Debug|x86.Build.0 = Debug|Win32
		{DD5A537A-155B-4970-935C-B1A72CFD47EE}.Release|x64.ActiveCfg = Release|x64
		{DD5A537A-155B-4970-935C-B1A72CFD47EE}.Release|x64.Build.0 = Release|x64
		{DD5A537A-155B-4970-935C-B1A72CFD47EE}.Release|x86.ActiveCfg = Release|Win32
		{DD5A537A-155B-4970-935C-B1A72CFD47EE}.Release|x86.Build.0 = Release|Win32
	EndGlobalSection
	GlobalSection(SolutionProperties) = preSolution
		HideSolutionNode = FALSE
	EndGlobalSection
	GlobalSection(ExtensibilityGlobals) = postSolution
		SolutionGuid = {DD096CA7-0C19-4372-9F2B-81FFAACA5C25}
	EndGlobalSection
EndGlobal
